
Microsoft Visual Studio Solution File, Format Version 12.00
# Visual Studio Version 16
VisualStudioVersion = 16.0.30907.101
MinimumVisualStudioVersion = 10.0.40219.1
Project("{9092AA53-FB77-4645-B42D-1CCCA6BD08BD}") = "2537_Assignment_2", "2537_Assignment_2.njsproj", "{5F7ED613-987C-44CC-B5C0-5BFF3E2C1971}"
EndProject
Global
	GlobalSection(SolutionConfigurationPlatforms) = preSolution
		Debug|Any CPU = Debug|Any CPU
		Release|Any CPU = Release|Any CPU
	EndGlobalSection
	GlobalSection(ProjectConfigurationPlatforms) = postSolution
		{5F7ED613-987C-44CC-B5C0-5BFF3E2C1971}.Debug|Any CPU.ActiveCfg = Debug|Any CPU
		{5F7ED613-987C-44CC-B5C0-5BFF3E2C1971}.Debug|Any CPU.Build.0 = Debug|Any CPU
		{5F7ED613-987C-44CC-B5C0-5BFF3E2C1971}.Release|Any CPU.ActiveCfg = Release|Any CPU
		{5F7ED613-987C-44CC-B5C0-5BFF3E2C1971}.Release|Any CPU.Build.0 = Release|Any CPU
	EndGlobalSection
	GlobalSection(SolutionProperties) = preSolution
		HideSolutionNode = FALSE
	EndGlobalSection
	GlobalSection(ExtensibilityGlobals) = postSolution
		SolutionGuid = {01BBFE9E-223A-45C0-8E8C-348D57353AF1}
	EndGlobalSection
EndGlobal
